// !$*UTF8*$!
{
 archiveVersion = 1;
 classes = { };
 objectVersion = 56;
 objects = {

/* Begin PBXBuildFile section */
		F3AFB384D87F4B0481DD4496 /* AevaApp.swift in Sources */ = {isa = PBXBuildFile; fileRef = EF908FF8497C4AF6BDAA2899 /* AevaApp.swift */; };
		3BEEEF7142A1422584E2D886 /* ContentView.swift in Sources */ = {isa = PBXBuildFile; fileRef = 96B89D8E662C42E7B1F4865A /* ContentView.swift */; };
		96E43ADD49E142CF9C51C89F /* AevaActivityAttributes.swift in Sources */ = {isa = PBXBuildFile; fileRef = 69FDF2119BD94C02A9251D18 /* AevaActivityAttributes.swift */; };
		5AF45AC852664162B011B934 /* AevaState.swift in Sources */ = {isa = PBXBuildFile; fileRef = 6D6A7A84E4AF44A8852F39F4 /* AevaState.swift */; };
		FCE2AAA506E74FC697F03946 /* BondLevel.swift in Sources */ = {isa = PBXBuildFile; fileRef = 017DCDB5FAA94A50AB01A270 /* BondLevel.swift */; };
		2530F28BF7F84DA9B264C5E9 /* Message.swift in Sources */ = {isa = PBXBuildFile; fileRef = 144233EC08F1473B82E3B2C9 /* Message.swift */; };
		A0E2C25AB91849EDB89E5634 /* LiveActivityManager.swift in Sources */ = {isa = PBXBuildFile; fileRef = D801660EA7574602846BC3F7 /* LiveActivityManager.swift */; };
		0F3BF18FE10A42A0A222FBD7 /* BondIndicatorView.swift in Sources */ = {isa = PBXBuildFile; fileRef = 0BA98CB1965B4718865D2603 /* BondIndicatorView.swift */; };
		1C8DBB151B5C4628AF5187A2 /* ChatView.swift in Sources */ = {isa = PBXBuildFile; fileRef = AB035E9FE61E42DFB5FDCCA0 /* ChatView.swift */; };
		8250EA24FA6B4AFCB92D897B /* InsightsView.swift in Sources */ = {isa = PBXBuildFile; fileRef = 76E05769C58C4514ABAAC043 /* InsightsView.swift */; };
		AEB149CCB8B944908C9A5C9D /* PresenceView.swift in Sources */ = {isa = PBXBuildFile; fileRef = 50EA71DDFBCD48E88CB531D7 /* PresenceView.swift */; };
		C2E882CB684C4FD6938C87A7 /* AevaLiveActivity.swift in Sources */ = {isa = PBXBuildFile; fileRef = D9096EF32E2847E2B8C43B85 /* AevaLiveActivity.swift */; };
		E4331077C5C0496F8A7CB3D4 /* AevaWidgetBundle.swift in Sources */ = {isa = PBXBuildFile; fileRef = 14F2F0A5FC9645DD972649A0 /* AevaWidgetBundle.swift */; };
		B3B557DFACEB449C99F42BD5 /* ActivityKit.framework in Frameworks */ = {isa = PBXBuildFile; fileRef = 107993D77D424EB2B55D6657 /* ActivityKit.framework */; };
		1FFCADD070A14D9E93DAF42D /* SwiftUI.framework in Frameworks */ = {isa = PBXBuildFile; fileRef = E27CB9EC730640C098168ED2 /* SwiftUI.framework */; };
		297C7996ACB94EDF8B8A2C29 /* WidgetKit.framework in Frameworks */ = {isa = PBXBuildFile; fileRef = DAFC252B0157450480827DF1 /* WidgetKit.framework */; };
/* End PBXBuildFile section */

/* Begin PBXFileReference section */
		EF908FF8497C4AF6BDAA2899 /* AevaApp.swift */ = {isa = PBXFileReference; fileEncoding = 4; lastKnownFileType = sourcecode.swift; path = "AevaApp.swift"; sourceTree = "<group>"; };
		96B89D8E662C42E7B1F4865A /* ContentView.swift */ = {isa = PBXFileReference; fileEncoding = 4; lastKnownFileType = sourcecode.swift; path = "ContentView.swift"; sourceTree = "<group>"; };
		69FDF2119BD94C02A9251D18 /* AevaActivityAttributes.swift */ = {isa = PBXFileReference; fileEncoding = 4; lastKnownFileType = sourcecode.swift; path = "AevaActivityAttributes.swift"; sourceTree = "<group>"; };
		6D6A7A84E4AF44A8852F39F4 /* AevaState.swift */ = {isa = PBXFileReference; fileEncoding = 4; lastKnownFileType = sourcecode.swift; path = "AevaState.swift"; sourceTree = "<group>"; };
		017DCDB5FAA94A50AB01A270 /* BondLevel.swift */ = {isa = PBXFileReference; fileEncoding = 4; lastKnownFileType = sourcecode.swift; path = "BondLevel.swift"; sourceTree = "<group>"; };
		144233EC08F1473B82E3B2C9 /* Message.swift */ = {isa = PBXFileReference; fileEncoding = 4; lastKnownFileType = sourcecode.swift; path = "Message.swift"; sourceTree = "<group>"; };
		D801660EA7574602846BC3F7 /* LiveActivityManager.swift */ = {isa = PBXFileReference; fileEncoding = 4; lastKnownFileType = sourcecode.swift; path = "LiveActivityManager.swift"; sourceTree = "<group>"; };
		0BA98CB1965B4718865D2603 /* BondIndicatorView.swift */ = {isa = PBXFileReference; fileEncoding = 4; lastKnownFileType = sourcecode.swift; path = "BondIndicatorView.swift"; sourceTree = "<group>"; };
		AB035E9FE61E42DFB5FDCCA0 /* ChatView.swift */ = {isa = PBXFileReference; fileEncoding = 4; lastKnownFileType = sourcecode.swift; path = "ChatView.swift"; sourceTree = "<group>"; };
		76E05769C58C4514ABAAC043 /* InsightsView.swift */ = {isa = PBXFileReference; fileEncoding = 4; lastKnownFileType = sourcecode.swift; path = "InsightsView.swift"; sourceTree = "<group>"; };
		50EA71DDFBCD48E88CB531D7 /* PresenceView.swift */ = {isa = PBXFileReference; fileEncoding = 4; lastKnownFileType = sourcecode.swift; path = "PresenceView.swift"; sourceTree = "<group>"; };
		D9096EF32E2847E2B8C43B85 /* AevaLiveActivity.swift */ = {isa = PBXFileReference; fileEncoding = 4; lastKnownFileType = sourcecode.swift; path = "AevaLiveActivity.swift"; sourceTree = "<group>"; };
		14F2F0A5FC9645DD972649A0 /* AevaWidgetBundle.swift */ = {isa = PBXFileReference; fileEncoding = 4; lastKnownFileType = sourcecode.swift; path = "AevaWidgetBundle.swift"; sourceTree = "<group>"; };
		36365BD8D3EF45E4827D5239 /* Assets.xcassets */ = {isa = PBXFileReference; fileEncoding = 4; lastKnownFileType = folder.assetcatalog; path = "Assets.xcassets"; sourceTree = "<group>"; };
		D65AD869B2B74FEEBEAC7ADF /* Info.plist */ = {isa = PBXFileReference; fileEncoding = 4; lastKnownFileType = text.plist.xml; path = "Info.plist"; sourceTree = "<group>"; };
		4E635D91BCD54522B197B6CB /* Info.plist */ = {isa = PBXFileReference; fileEncoding = 4; lastKnownFileType = text.plist.xml; path = "Info.plist"; sourceTree = "<group>"; };
		107993D77D424EB2B55D6657 /* ActivityKit.framework */ = {isa = PBXFileReference; lastKnownFileType = wrapper.framework; name = ActivityKit.framework; path = System/Library/Frameworks/ActivityKit.framework; sourceTree = SDKROOT; };
		E27CB9EC730640C098168ED2 /* SwiftUI.framework */ = {isa = PBXFileReference; lastKnownFileType = wrapper.framework; name = SwiftUI.framework; path = System/Library/Frameworks/SwiftUI.framework; sourceTree = SDKROOT; };
		DAFC252B0157450480827DF1 /* WidgetKit.framework */ = {isa = PBXFileReference; lastKnownFileType = wrapper.framework; name = WidgetKit.framework; path = System/Library/Frameworks/WidgetKit.framework; sourceTree = SDKROOT; };
		7881D78DAD3344048FDBF416 /* Aeva.app */ = {isa = PBXFileReference; explicitFileType = wrapper.application; includeInIndex = 0; path = Aeva.app; sourceTree = BUILT_PRODUCTS_DIR; };
		102B785CDDF64F8B93C8777D /* AevaWidget.appex */ = {isa = PBXFileReference; explicitFileType = wrapper.app-extension; includeInIndex = 0; path = AevaWidget.appex; sourceTree = BUILT_PRODUCTS_DIR; };
/* End PBXFileReference section */

/* Begin PBXFrameworksBuildPhase section */
		229E9118C4194A9DB30BA4DD /* Frameworks */ = {isa = PBXFrameworksBuildPhase; buildActionMask = 2147483647; files = (B3B557DFACEB449C99F42BD5, 1FFCADD070A14D9E93DAF42D); runOnlyForDeploymentPostprocessing = 0; };
		B76F2B04344545F3BC583233 /* Frameworks */ = {isa = PBXFrameworksBuildPhase; buildActionMask = 2147483647; files = (B3B557DFACEB449C99F42BD5, 1FFCADD070A14D9E93DAF42D, 297C7996ACB94EDF8B8A2C29); runOnlyForDeploymentPostprocessing = 0; };
/* End PBXFrameworksBuildPhase section */

/* Begin PBXGroup section */
		CEEFC9EE26374958981144E9 /* Aeva */ = {isa = PBXGroup; children = (EF908FF8497C4AF6BDAA2899, 96B89D8E662C42E7B1F4865A, 8C149A565A094033AF0A38D3, 6CBF7F1D96BD4047A58C5EA6, A6011D0D48C740C0B95D8602, 57C72EED03FE434487BDD67E, 36365BD8D3EF45E4827D5239, D65AD869B2B74FEEBEAC7ADF); path = Aeva; sourceTree = "<group>"; };
		8C149A565A094033AF0A38D3 /* LiveActivity */ = {isa = PBXGroup; children = (69FDF2119BD94C02A9251D18); path = LiveActivity; sourceTree = "<group>"; };
		6CBF7F1D96BD4047A58C5EA6 /* Models */ = {isa = PBXGroup; children = (6D6A7A84E4AF44A8852F39F4, 017DCDB5FAA94A50AB01A270, 144233EC08F1473B82E3B2C9); path = Models; sourceTree = "<group>"; };
		A6011D0D48C740C0B95D8602 /* Services */ = {isa = PBXGroup; children = (D801660EA7574602846BC3F7); path = Services; sourceTree = "<group>"; };
		57C72EED03FE434487BDD67E /* Views */ = {isa = PBXGroup; children = (0BA98CB1965B4718865D2603, AB035E9FE61E42DFB5FDCCA0, 76E05769C58C4514ABAAC043, 50EA71DDFBCD48E88CB531D7); path = Views; sourceTree = "<group>"; };
		480C5FF56F5744F498B84892 /* AevaWidget */ = {isa = PBXGroup; children = (D9096EF32E2847E2B8C43B85, 14F2F0A5FC9645DD972649A0, 4E635D91BCD54522B197B6CB); path = AevaWidget; sourceTree = "<group>"; };
		363CD45F301A435DBFA3F1BB /* Products */ = {isa = PBXGroup; children = (7881D78DAD3344048FDBF416, 102B785CDDF64F8B93C8777D); name = Products; sourceTree = "<group>"; };
		D77AC2E9105F4BA5A3CD7EFB = {isa = PBXGroup; children = (CEEFC9EE26374958981144E9, 480C5FF56F5744F498B84892, 363CD45F301A435DBFA3F1BB); sourceTree = "<group>"; };
/* End PBXGroup section */

/* Begin PBXNativeTarget section */
		C8C74B33480448EDAE803FB8 /* Aeva */ = {isa = PBXNativeTarget; buildConfigurationList = 030EC76C73A1489DAB09F03E; buildPhases = (B58A17E2CA114772BD8159CF, 229E9118C4194A9DB30BA4DD, 5807DA3F5471435C909F496E, 23498D34F7204CD89C927BC8); buildRules = (); dependencies = (41316EC88B87411ABA7C0227); name = Aeva; productName = Aeva; productReference = 7881D78DAD3344048FDBF416; productType = "com.apple.product-type.application"; };
		CC2891047B38421EB79AC93F /* AevaWidget */ = {isa = PBXNativeTarget; buildConfigurationList = A704EC6FAC6443D7B4BD0227; buildPhases = (A70929A5E6FE47E59FDE0A97, B76F2B04344545F3BC583233, 9DFFBC716540475584459C52); buildRules = (); dependencies = (); name = AevaWidget; productName = AevaWidget; productReference = 102B785CDDF64F8B93C8777D; productType = "com.apple.product-type.app-extension"; };
/* End PBXNativeTarget section */

/* Begin PBXProject section */
		0FED88FF09BD4E94942A092D /* Project object */ = {
			isa = PBXProject;
			attributes = { LastUpgradeCheck = 1600; ORGANIZATIONNAME = Lucio; TargetAttributes = { C8C74B33480448EDAE803FB8 = { CreatedOnToolsVersion = 16.0; }; CC2891047B38421EB79AC93F = { CreatedOnToolsVersion = 16.0; }; }; };
			buildConfigurationList = FE9713FF27A3438EBF6CE382;
			compatibilityVersion = "Xcode 15.0";
			developmentRegion = en;
			hasScannedForEncodings = 0;
			knownRegions = (en, Base);
			mainGroup = D77AC2E9105F4BA5A3CD7EFB;
			productRefGroup = 363CD45F301A435DBFA3F1BB;
			projectDirPath = "";
			projectRoot = "";
			targets = (C8C74B33480448EDAE803FB8, CC2891047B38421EB79AC93F);
		};
/* End PBXProject section */

/* Begin PBXResourcesBuildPhase section */
		5807DA3F5471435C909F496E /* Resources */ = {isa = PBXResourcesBuildPhase; buildActionMask = 2147483647; files = (); runOnlyForDeploymentPostprocessing = 0; };
		9DFFBC716540475584459C52 /* Resources */ = {isa = PBXResourcesBuildPhase; buildActionMask = 2147483647; files = (); runOnlyForDeploymentPostprocessing = 0; };
/* End PBXResourcesBuildPhase section */

/* Begin PBXCopyFilesBuildPhase section */
		23498D34F7204CD89C927BC8 /* Embed Foundation Extensions */ = {isa = PBXCopyFilesBuildPhase; buildActionMask = 2147483647; dstPath = ""; dstSubfolderSpec = 13; files = (); name = "Embed Foundation Extensions"; runOnlyForDeploymentPostprocessing = 0; };
/* End PBXCopyFilesBuildPhase section */

/* Begin PBXSourcesBuildPhase section */
		B58A17E2CA114772BD8159CF /* Sources */ = {isa = PBXSourcesBuildPhase; buildActionMask = 2147483647; files = (F3AFB384D87F4B0481DD4496, 3BEEEF7142A1422584E2D886, 96E43ADD49E142CF9C51C89F, 5AF45AC852664162B011B934, FCE2AAA506E74FC697F03946, 2530F28BF7F84DA9B264C5E9, A0E2C25AB91849EDB89E5634, 0F3BF18FE10A42A0A222FBD7, 1C8DBB151B5C4628AF5187A2, 8250EA24FA6B4AFCB92D897B, AEB149CCB8B944908C9A5C9D); runOnlyForDeploymentPostprocessing = 0; };
		A70929A5E6FE47E59FDE0A97 /* Sources */ = {isa = PBXSourcesBuildPhase; buildActionMask = 2147483647; files = (C2E882CB684C4FD6938C87A7, E4331077C5C0496F8A7CB3D4); runOnlyForDeploymentPostprocessing = 0; };
/* End PBXSourcesBuildPhase section */

/* Begin PBXTargetDependency section */
		41316EC88B87411ABA7C0227 /* PBXTargetDependency */ = {isa = PBXTargetDependency; target = CC2891047B38421EB79AC93F; targetProxy = E541FFADD3B44C6DADD8B303; };
/* End PBXTargetDependency section */

/* Begin PBXContainerItemProxy section */
		E541FFADD3B44C6DADD8B303 /* PBXContainerItemProxy */ = {isa = PBXContainerItemProxy; containerPortal = 0FED88FF09BD4E94942A092D; proxyType = 1; remoteGlobalIDString = CC2891047B38421EB79AC93F; remoteInfo = AevaWidget; };
/* End PBXContainerItemProxy section */

/* Begin XCBuildConfiguration section */
		D96DFD41BA874AEE8F9654A2 /* Debug */ = {isa = XCBuildConfiguration; buildSettings = {
			SWIFT_VERSION = 5.0;
			IPHONEOS_DEPLOYMENT_TARGET = 17.0;
			TARGETED_DEVICE_FAMILY = 1,2;
			CODE_SIGN_STYLE = Automatic;
			DEVELOPMENT_TEAM = "";
			PRODUCT_BUNDLE_IDENTIFIER = com.lucio.aeva;
			INFOPLIST_FILE = Aeva/Aeva/Info.plist;
			GENERATE_INFOPLIST_FILE = NO;
			ASSETCATALOG_COMPILER_APPICON_NAME = AppIcon;
			SWIFT_EMIT_LOC_STRINGS = YES;
		}; name = Debug; };
		BFA0114502774634B3622730 /* Release */ = {isa = XCBuildConfiguration; buildSettings = {
			SWIFT_VERSION = 5.0;
			IPHONEOS_DEPLOYMENT_TARGET = 17.0;
			TARGETED_DEVICE_FAMILY = 1,2;
			CODE_SIGN_STYLE = Automatic;
			DEVELOPMENT_TEAM = "";
			PRODUCT_BUNDLE_IDENTIFIER = com.lucio.aeva;
			INFOPLIST_FILE = Aeva/Aeva/Info.plist;
			GENERATE_INFOPLIST_FILE = NO;
			ASSETCATALOG_COMPILER_APPICON_NAME = AppIcon;
			SWIFT_EMIT_LOC_STRINGS = YES;
		}; name = Release; };
		9C121503D512442787D3DB19 /* Debug */ = {isa = XCBuildConfiguration; buildSettings = {
			SWIFT_VERSION = 5.0;
			IPHONEOS_DEPLOYMENT_TARGET = 17.0;
			TARGETED_DEVICE_FAMILY = 1,2;
			CODE_SIGN_STYLE = Automatic;
			DEVELOPMENT_TEAM = "";
			PRODUCT_BUNDLE_IDENTIFIER = com.lucio.aeva.widget;
			INFOPLIST_FILE = Aeva/AevaWidget/Info.plist;
			GENERATE_INFOPLIST_FILE = NO;
			SWIFT_EMIT_LOC_STRINGS = YES;
		}; name = Debug; };
		0D5B64B81A254E3C85E715B0 /* Release */ = {isa = XCBuildConfiguration; buildSettings = {
			SWIFT_VERSION = 5.0;
			IPHONEOS_DEPLOYMENT_TARGET = 17.0;
			TARGETED_DEVICE_FAMILY = 1,2;
			CODE_SIGN_STYLE = Automatic;
			DEVELOPMENT_TEAM = "";
			PRODUCT_BUNDLE_IDENTIFIER = com.lucio.aeva.widget;
			INFOPLIST_FILE = Aeva/AevaWidget/Info.plist;
			GENERATE_INFOPLIST_FILE = NO;
			SWIFT_EMIT_LOC_STRINGS = YES;
		}; name = Release; };
		E279EB95EC59484AB3E1865B /* Debug */ = {isa = XCBuildConfiguration; buildSettings = {
			ALWAYS_SEARCH_USER_PATHS = NO;
			CLANG_ENABLE_MODULES = YES;
			SWIFT_VERSION = 5.0;
		}; name = Debug; };
		177845766AD54F3298A645D0 /* Release */ = {isa = XCBuildConfiguration; buildSettings = {
			ALWAYS_SEARCH_USER_PATHS = NO;
			CLANG_ENABLE_MODULES = YES;
			SWIFT_VERSION = 5.0;
		}; name = Release; };
/* End XCBuildConfiguration section */

/* Begin XCConfigurationList section */
		FE9713FF27A3438EBF6CE382 /* Build configuration list for PBXProject */ = {isa = XCConfigurationList; buildConfigurations = (E279EB95EC59484AB3E1865B, 177845766AD54F3298A645D0); defaultConfigurationIsVisible = 0; defaultConfigurationName = Release; };
		030EC76C73A1489DAB09F03E /* Build configuration list for PBXNativeTarget "Aeva" */ = {isa = XCConfigurationList; buildConfigurations = (D96DFD41BA874AEE8F9654A2, BFA0114502774634B3622730); defaultConfigurationIsVisible = 0; defaultConfigurationName = Release; };
		A704EC6FAC6443D7B4BD0227 /* Build configuration list for PBXNativeTarget "AevaWidget" */ = {isa = XCConfigurationList; buildConfigurations = (9C121503D512442787D3DB19, 0D5B64B81A254E3C85E715B0); defaultConfigurationIsVisible = 0; defaultConfigurationName = Release; };
/* End XCConfigurationList section */
	};
	rootObject = 0FED88FF09BD4E94942A092D /* Project object */;
}
