// !$*UTF8*$!
{
 archiveVersion = 1;
 classes = {};
 objectVersion = 56;
 objects = {

  100000000000000000000001 /* Project object */ = {
   isa = PBXProject;
   attributes = { LastUpgradeCheck = 1600; };
   buildConfigurationList = 100000000000000000000002 /* Project configs */;
   compatibilityVersion = "Xcode 14.0";
   developmentRegion = en;
   hasScannedForEncodings = 0;
   knownRegions = ( en, Base, );
   mainGroup = 100000000000000000000003;
   productRefGroup = 100000000000000000000004;
   projectDirPath = "";
   projectRoot = "";
   targets = ( 100000000000000000000005, 100000000000000000000006, );
  };

  100000000000000000000003 = { isa = PBXGroup; children = (100000000000000000000010,100000000000000000000020,100000000000000000000030,100000000000000000000040,); sourceTree = "<group>"; };
  100000000000000000000004 = { isa = PBXGroup; children = (100000000000000000000050,100000000000000000000051,); name = Products; sourceTree = "<group>"; };

  100000000000000000000010 = { isa = PBXGroup; children = (100000000000000000000011,100000000000000000000012,100000000000000000000013,100000000000000000000014,100000000000000000000015,100000000000000000000016,100000000000000000000017,); path = Aeva; sourceTree = "<group>"; };
  100000000000000000000020 = { isa = PBXGroup; children = (100000000000000000000021,100000000000000000000022,); path = AevaWidget; sourceTree = "<group>"; };
  100000000000000000000030 = { isa = PBXGroup; children = (100000000000000000000031,); path = Aeva.xcodeproj; sourceTree = "<group>"; };
  100000000000000000000040 = { isa = PBXGroup; children = (100000000000000000000041,); path = .; sourceTree = "<group>"; };

  100000000000000000000011 = { isa = PBXFileReference; lastKnownFileType = sourcecode.swift; path = AevaApp.swift; sourceTree = "<group>"; };
  100000000000000000000012 = { isa = PBXFileReference; lastKnownFileType = sourcecode.swift; path = ContentView.swift; sourceTree = "<group>"; };
  100000000000000000000013 = { isa = PBXFileReference; lastKnownFileType = text.plist.xml; path = Info.plist; sourceTree = "<group>"; };
  100000000000000000000014 = { isa = PBXFileReference; lastKnownFileType = folder.assetcatalog; path = Assets.xcassets; sourceTree = "<group>"; };
  100000000000000000000015 = { isa = PBXFileReference; lastKnownFileType = sourcecode.swift; path = AevaActivityAttributes.swift; sourceTree = "<group>"; };
  100000000000000000000016 = { isa = PBXFileReference; lastKnownFileType = sourcecode.swift; path = AevaState.swift; sourceTree = "<group>"; };
  100000000000000000000017 = { isa = PBXFileReference; lastKnownFileType = sourcecode.swift; path = BondLevel.swift; sourceTree = "<group>"; };
  100000000000000000000018 = { isa = PBXFileReference; lastKnownFileType = sourcecode.swift; path = Message.swift; sourceTree = "<group>"; };
  100000000000000000000019 = { isa = PBXFileReference; lastKnownFileType = sourcecode.swift; path = LiveActivityManager.swift; sourceTree = "<group>"; };
  10000000000000000000001A = { isa = PBXFileReference; lastKnownFileType = sourcecode.swift; path = BondIndicatorView.swift; sourceTree = "<group>"; };
  10000000000000000000001B = { isa = PBXFileReference; lastKnownFileType = sourcecode.swift; path = ChatView.swift; sourceTree = "<group>"; };
  10000000000000000000001C = { isa = PBXFileReference; lastKnownFileType = sourcecode.swift; path = InsightsView.swift; sourceTree = "<group>"; };
  10000000000000000000001D = { isa = PBXFileReference; lastKnownFileType = sourcecode.swift; path = PresenceView.swift; sourceTree = "<group>"; };

  100000000000000000000021 = { isa = PBXFileReference; lastKnownFileType = sourcecode.swift; path = AevaLiveActivity.swift; sourceTree = "<group>"; };
  100000000000000000000022 = { isa = PBXFileReference; lastKnownFileType = sourcecode.swift; path = AevaWidgetBundle.swift; sourceTree = "<group>"; };
  100000000000000000000023 = { isa = PBXFileReference; lastKnownFileType = text.plist.xml; path = Info.plist; sourceTree = "<group>"; };
  100000000000000000000024 = { isa = PBXFileReference; lastKnownFileType = sourcecode.swift; path = AevaActivityAttributes.swift; sourceTree = "<group>"; };

  100000000000000000000050 = { isa = PBXFileReference; explicitFileType = wrapper.application; includeInIndex = 0; path = Aeva.app; sourceTree = BUILT_PRODUCTS_DIR; };
  100000000000000000000051 = { isa = PBXFileReference; explicitFileType = wrapper.app-extension; includeInIndex = 0; path = AevaWidget.appex; sourceTree = BUILT_PRODUCTS_DIR; };

  100000000000000000000060 = { isa = PBXBuildFile; fileRef = 100000000000000000000011; };
  100000000000000000000061 = { isa = PBXBuildFile; fileRef = 100000000000000000000012; };
  100000000000000000000062 = { isa = PBXBuildFile; fileRef = 100000000000000000000015; };
  100000000000000000000063 = { isa = PBXBuildFile; fileRef = 100000000000000000000016; };
  100000000000000000000064 = { isa = PBXBuildFile; fileRef = 100000000000000000000017; };
  100000000000000000000065 = { isa = PBXBuildFile; fileRef = 100000000000000000000018; };
  100000000000000000000066 = { isa = PBXBuildFile; fileRef = 100000000000000000000019; };
  100000000000000000000067 = { isa = PBXBuildFile; fileRef = 10000000000000000000001A; };
  100000000000000000000068 = { isa = PBXBuildFile; fileRef = 10000000000000000000001B; };
  100000000000000000000069 = { isa = PBXBuildFile; fileRef = 10000000000000000000001C; };
  10000000000000000000006A = { isa = PBXBuildFile; fileRef = 10000000000000000000001D; };
  10000000000000000000006B = { isa = PBXBuildFile; fileRef = 100000000000000000000014; };

  100000000000000000000070 = { isa = PBXBuildFile; fileRef = 100000000000000000000021; };
  100000000000000000000071 = { isa = PBXBuildFile; fileRef = 100000000000000000000022; };
  100000000000000000000072 = { isa = PBXBuildFile; fileRef = 100000000000000000000024; };

  100000000000000000000080 = { isa = PBXSourcesBuildPhase; buildActionMask = 2147483647; files = (100000000000000000000060,100000000000000000000061,100000000000000000000062,100000000000000000000063,100000000000000000000064,100000000000000000000065,100000000000000000000066,100000000000000000000067,100000000000000000000068,100000000000000000000069,10000000000000000000006A,); runOnlyForDeploymentPostprocessing = 0; };
  100000000000000000000081 = { isa = PBXResourcesBuildPhase; buildActionMask = 2147483647; files = (10000000000000000000006B,); runOnlyForDeploymentPostprocessing = 0; };
  100000000000000000000082 = { isa = PBXFrameworksBuildPhase; buildActionMask = 2147483647; files = (); runOnlyForDeploymentPostprocessing = 0; };
  100000000000000000000083 = { isa = PBXSourcesBuildPhase; buildActionMask = 2147483647; files = (100000000000000000000070,100000000000000000000071,100000000000000000000072,); runOnlyForDeploymentPostprocessing = 0; };
  100000000000000000000084 = { isa = PBXResourcesBuildPhase; buildActionMask = 2147483647; files = (); runOnlyForDeploymentPostprocessing = 0; };
  100000000000000000000085 = { isa = PBXFrameworksBuildPhase; buildActionMask = 2147483647; files = (); runOnlyForDeploymentPostprocessing = 0; };

  100000000000000000000090 = { isa = PBXNativeTarget; buildConfigurationList = 1000000000000000000000A0; buildPhases = (100000000000000000000080,100000000000000000000082,100000000000000000000081,); buildRules = (); dependencies = (1000000000000000000000B0,); name = Aeva; productName = Aeva; productReference = 100000000000000000000050; productType = "com.apple.product-type.application"; };
  100000000000000000000091 = { isa = PBXNativeTarget; buildConfigurationList = 1000000000000000000000A1; buildPhases = (100000000000000000000083,100000000000000000000085,100000000000000000000084,); buildRules = (); dependencies = (); name = AevaWidget; productName = AevaWidget; productReference = 100000000000000000000051; productType = "com.apple.product-type.app-extension"; };
  100000000000000000000005 = 100000000000000000000090;
  100000000000000000000006 = 100000000000000000000091;

  1000000000000000000000B0 = { isa = PBXTargetDependency; target = 100000000000000000000091; targetProxy = 1000000000000000000000B1; };
  1000000000000000000000B1 = { isa = PBXContainerItemProxy; containerPortal = 100000000000000000000001; proxyType = 1; remoteGlobalIDString = 100000000000000000000091; remoteInfo = AevaWidget; };

  100000000000000000000002 = { isa = XCConfigurationList; buildConfigurations = (1000000000000000000000C0,1000000000000000000000C1,); defaultConfigurationIsVisible = 0; defaultConfigurationName = Release; };
  1000000000000000000000A0 = { isa = XCConfigurationList; buildConfigurations = (1000000000000000000000D0,1000000000000000000000D1,); defaultConfigurationIsVisible = 0; defaultConfigurationName = Release; };
  1000000000000000000000A1 = { isa = XCConfigurationList; buildConfigurations = (1000000000000000000000E0,1000000000000000000000E1,); defaultConfigurationIsVisible = 0; defaultConfigurationName = Release; };

  1000000000000000000000C0 = { isa = XCBuildConfiguration; buildSettings = { ALWAYS_SEARCH_USER_PATHS = NO; SWIFT_VERSION = 5.0; }; name = Debug; };
  1000000000000000000000C1 = { isa = XCBuildConfiguration; buildSettings = { SWIFT_VERSION = 5.0; }; name = Release; };

  1000000000000000000000D0 = { isa = XCBuildConfiguration; buildSettings = { PRODUCT_BUNDLE_IDENTIFIER = com.liam.aeva; PRODUCT_NAME = "$(TARGET_NAME)"; INFOPLIST_FILE = Aeva/Info.plist; IPHONEOS_DEPLOYMENT_TARGET = 17.0; SWIFT_VERSION = 5.0; TARGETED_DEVICE_FAMILY = "1,2"; CODE_SIGNING_ALLOWED = NO; CODE_SIGNING_REQUIRED = NO; }; name = Debug; };
  1000000000000000000000D1 = { isa = XCBuildConfiguration; buildSettings = { PRODUCT_BUNDLE_IDENTIFIER = com.liam.aeva; PRODUCT_NAME = "$(TARGET_NAME)"; INFOPLIST_FILE = Aeva/Info.plist; IPHONEOS_DEPLOYMENT_TARGET = 17.0; SWIFT_VERSION = 5.0; TARGETED_DEVICE_FAMILY = "1,2"; CODE_SIGNING_ALLOWED = NO; CODE_SIGNING_REQUIRED = NO; }; name = Release; };

  1000000000000000000000E0 = { isa = XCBuildConfiguration; buildSettings = { PRODUCT_BUNDLE_IDENTIFIER = com.liam.aeva.widget; PRODUCT_NAME = AevaWidget; INFOPLIST_FILE = AevaWidget/Info.plist; IPHONEOS_DEPLOYMENT_TARGET = 17.0; SWIFT_VERSION = 5.0; TARGETED_DEVICE_FAMILY = "1,2"; CODE_SIGNING_ALLOWED = NO; CODE_SIGNING_REQUIRED = NO; APPLICATION_EXTENSION_API_ONLY = YES; SKIP_INSTALL = YES; }; name = Debug; };
  1000000000000000000000E1 = { isa = XCBuildConfiguration; buildSettings = { PRODUCT_BUNDLE_IDENTIFIER = com.liam.aeva.widget; PRODUCT_NAME = AevaWidget; INFOPLIST_FILE = AevaWidget/Info.plist; IPHONEOS_DEPLOYMENT_TARGET = 17.0; SWIFT_VERSION = 5.0; TARGETED_DEVICE_FAMILY = "1,2"; CODE_SIGNING_ALLOWED = NO; CODE_SIGNING_REQUIRED = NO; APPLICATION_EXTENSION_API_ONLY = YES; SKIP_INSTALL = YES; }; name = Release; };
 };
 rootObject = 100000000000000000000001;
}
